
Microsoft Visual Studio Solution File, Format Version 12.00
# Visual Studio 15
VisualStudioVersion = 15.0.26730.16
MinimumVisualStudioVersion = 10.0.40219.1
Project("{FAE04EC0-301F-11D3-BF4B-00C04F79EFBC}") = "Day 13", "Day 13.csproj", "{17ED6BE2-AEA7-4D47-BF4D-D73DF7181B5C}"
EndProject
Global
	GlobalSection(SolutionConfigurationPlatforms) = preSolution
		Debug|Any CPU = Debug|Any CPU
		Release|Any CPU = Release|Any CPU
	EndGlobalSection
	GlobalSection(ProjectConfigurationPlatforms) = postSolution
		{17ED6BE2-AEA7-4D47-BF4D-D73DF7181B5C}.Debug|Any CPU.ActiveCfg = Debug|Any CPU
		{17ED6BE2-AEA7-4D47-BF4D-D73DF7181B5C}.Debug|Any CPU.Build.0 = Debug|Any CPU
		{17ED6BE2-AEA7-4D47-BF4D-D73DF7181B5C}.Release|Any CPU.ActiveCfg = Release|Any CPU
		{17ED6BE2-AEA7-4D47-BF4D-D73DF7181B5C}.Release|Any CPU.Build.0 = Release|Any CPU
	EndGlobalSection
	GlobalSection(SolutionProperties) = preSolution
		HideSolutionNode = FALSE
	EndGlobalSection
	GlobalSection(ExtensibilityGlobals) = postSolution
		SolutionGuid = {1BC726F2-3D7E-4652-85AC-67E24FE4E9E2}
	EndGlobalSection
EndGlobal
